
Microsoft Visual Studio Solution File, Format Version 12.00
# Visual Studio Version 16
VisualStudioVersion = 16.0.31129.286
MinimumVisualStudioVersion = 10.0.40219.1
Project("{FAE04EC0-301F-11D3-BF4B-00C04F79EFBC}") = "ChocoGear", "ChocoGear\ChocoGear.csproj", "{B968D9EC-B4D6-4FB0-8FAA-E71E9F625EA4}"
EndProject
Global
	GlobalSection(SolutionConfigurationPlatforms) = preSolution
		Debug|Any CPU = Debug|Any CPU
		Release|Any CPU = Release|Any CPU
	EndGlobalSection
	GlobalSection(ProjectConfigurationPlatforms) = postSolution
		{B968D9EC-B4D6-4FB0-8FAA-E71E9F625EA4}.Debug|Any CPU.ActiveCfg = Debug|Any CPU
		{B968D9EC-B4D6-4FB0-8FAA-E71E9F625EA4}.Debug|Any CPU.Build.0 = Debug|Any CPU
		{B968D9EC-B4D6-4FB0-8FAA-E71E9F625EA4}.Release|Any CPU.ActiveCfg = Release|Any CPU
		{B968D9EC-B4D6-4FB0-8FAA-E71E9F625EA4}.Release|Any CPU.Build.0 = Release|Any CPU
	EndGlobalSection
	GlobalSection(SolutionProperties) = preSolution
		HideSolutionNode = FALSE
	EndGlobalSection
	GlobalSection(ExtensibilityGlobals) = postSolution
		SolutionGuid = {B770FC25-1AE9-4C49-A1D0-C08B278948E9}
	EndGlobalSection
EndGlobal
